
Microsoft Visual Studio Solution File, Format Version 12.00
# Visual Studio Version 17
VisualStudioVersion = 17.10.35122.118
MinimumVisualStudioVersion = 10.0.40219.1
Project("{FAE04EC0-301F-11D3-BF4B-00C04F79EFBC}") = "EStoreAPI.Server", "EStoreAPI.Server\EStoreAPI.Server.csproj", "{46C6B120-F0E8-4B55-97A6-C58C81EBBBC0}"
EndProject
Project("{54A90642-561A-4BB1-A94E-469ADEE60C69}") = "estoreapi.client", "estoreapi.client\estoreapi.client.esproj", "{0FE9D5FE-6728-4029-A466-35F335F1B4F7}"
EndProject
Global
	GlobalSection(SolutionConfigurationPlatforms) = preSolution
		Debug|Any CPU = Debug|Any CPU
		Release|Any CPU = Release|Any CPU
	EndGlobalSection
	GlobalSection(ProjectConfigurationPlatforms) = postSolution
		{46C6B120-F0E8-4B55-97A6-C58C81EBBBC0}.Debug|Any CPU.ActiveCfg = Debug|Any CPU
		{46C6B120-F0E8-4B55-97A6-C58C81EBBBC0}.Debug|Any CPU.Build.0 = Debug|Any CPU
		{46C6B120-F0E8-4B55-97A6-C58C81EBBBC0}.Release|Any CPU.ActiveCfg = Release|Any CPU
		{46C6B120-F0E8-4B55-97A6-C58C81EBBBC0}.Release|Any CPU.Build.0 = Release|Any CPU
		{0FE9D5FE-6728-4029-A466-35F335F1B4F7}.Debug|Any CPU.ActiveCfg = Debug|Any CPU
		{0FE9D5FE-6728-4029-A466-35F335F1B4F7}.Debug|Any CPU.Build.0 = Debug|Any CPU
		{0FE9D5FE-6728-4029-A466-35F335F1B4F7}.Debug|Any CPU.Deploy.0 = Debug|Any CPU
		{0FE9D5FE-6728-4029-A466-35F335F1B4F7}.Release|Any CPU.ActiveCfg = Release|Any CPU
		{0FE9D5FE-6728-4029-A466-35F335F1B4F7}.Release|Any CPU.Build.0 = Release|Any CPU
		{0FE9D5FE-6728-4029-A466-35F335F1B4F7}.Release|Any CPU.Deploy.0 = Release|Any CPU
	EndGlobalSection
	GlobalSection(SolutionProperties) = preSolution
		HideSolutionNode = FALSE
	EndGlobalSection
	GlobalSection(ExtensibilityGlobals) = postSolution
		SolutionGuid = {6E5B63BB-DC31-4620-A7AB-C39241479FF0}
	EndGlobalSection
EndGlobal
